{
  "lockfile_version": "1",
  "packages": {
    "git+ssh://git@github.com/shashankatporter/custom-devbox-plugin.git#db-seeder-v1-0-0": {
      "last_modified": "2025-07-18T22:20:39Z",
      "resolved": "git+ssh://git@github.com/shashankatporter/custom-devbox-plugin.git?ref=refs%2Fheads%2Fmain&rev=b1394d2606b3890350479b62988c540b3fe62e12#db-seeder-v1-0-0"
    },
    "github:NixOS/nixpkgs/nixpkgs-unstable": {
      "last_modified": "2025-07-13T22:45:35Z",
      "resolved": "github:NixOS/nixpkgs/a421ac6595024edcfbb1ef950a3712b89161c359?lastModified=1752446735&narHash=sha256-Nz2vtUEaRB%2FUjvPfuhHpez060P%2F4mvGpXW4JCDIboA4%3D"
    }
  }
}
